{
  "name": "pmsnow-reel",
  "version": "1.0.0",
  "lockfileVersion": 3,
  "requires": true,
  "packages": {
    "": {
      "name": "pmsnow-reel",
      "version": "1.0.0",
      "devDependencies": {
        "@fontsource-variable/inter": "^5.3.0",
        "@fontsource-variable/unbounded": "^5.3.0",
        "@fontsource/jetbrains-mono": "^5.2.0",
        "gsap": "^3.15.0",
        "lucide-static": "^1.48.0",
        "three": "^0.186.1"
      }
    },
    "node_modules/@fontsource-variable/inter": {
      "version": "5.3.0",
      "resolved": "https://registry.npmjs.org/@fontsource-variable/inter/-/inter-5.3.0.tgz",
      "integrity": "sha512-OupL48va4JNofb97w6NYeF9S7W/kHNKM0Er8Dem5nqi4jeOLrVJDoE8tZEpnMJmtkvNbB1EIPPwHcdkF6b1oUA==",
      "dev": true,
      "license": "OFL-1.1",
      "funding": {
        "url": "https://github.com/sponsors/ayuhito"
      }
    },
    "node_modules/@fontsource-variable/unbounded": {
      "version": "5.3.0",
      "resolved": "https://registry.npmjs.org/@fontsource-variable/unbounded/-/unbounded-5.3.0.tgz",
      "integrity": "sha512-ea565Ncn4r7gPdBEHcmaF31V11hDfkL7b/JCklLobQbMfbu2ZZQrVWNgdeEFWFLqNh36yhieZWOgxdAnMTzrLg==",
      "dev": true,
      "license": "OFL-1.1",
      "funding": {
        "url": "https://github.com/sponsors/ayuhito"
      }
    },
    "node_modules/@fontsource/jetbrains-mono": {
      "version": "5.3.0",
      "resolved": "https://registry.npmjs.org/@fontsource/jetbrains-mono/-/jetbrains-mono-5.3.0.tgz",
      "integrity": "sha512-fqDfB5I9f1p1TV486aUgB9t8zP84P0O1FtQR5Ol9vjwPy+S+EIGlVYm1cvj2W5shcZMTg2nZFdVMoH5wFu8a1A==",
      "dev": true,
      "license": "OFL-1.1",
      "funding": {
        "url": "https://github.com/sponsors/ayuhito"
      }
    },
    "node_modules/gsap": {
      "version": "3.15.0",
      "resolved": "https://registry.npmjs.org/gsap/-/gsap-3.15.0.tgz",
      "integrity": "sha512-dMW4CWBTUK1AEEDeZc1g4xpPGIrSf9fJF960qbTZmN/QwZIWY5wgliS6JWl9/25fpTGJrMRtSjGtOmPnfjZB+A==",
      "dev": true,
      "license": "Standard 'no charge' license: https://gsap.com/standard-license."
    },
    "node_modules/lucide-static": {
      "version": "1.48.0",
      "resolved": "https://registry.npmjs.org/lucide-static/-/lucide-static-1.48.0.tgz",
      "integrity": "sha512-ZUGgZ4rzlLfVbhN2Zi37TMrTaSpXAbWx6Y/xZxKSDLPiqxtTK7Mw2M+oBJa0gjV8p3+CWBHh48u+IC9+jKlUjA==",
      "dev": true,
      "license": "ISC"
    },
    "node_modules/three": {
      "version": "0.186.1",
      "resolved": "https://registry.npmjs.org/three/-/three-0.186.1.tgz",
      "integrity": "sha512-blFeqb49wRCSGUGj7gtpfnSGHy2lwDk94RhUmS1c/hTby70kvChbWpkJ4Pm1390LqzzvTmzgXKHPEafJwCb8jA==",
      "dev": true,
      "license": "MIT"
    }
  }
}
